
Microsoft Visual Studio Solution File, Format Version 12.00
# Visual Studio Version 16
VisualStudioVersion = 16.0.29509.3
MinimumVisualStudioVersion = 10.0.40219.1
Project("{FAE04EC0-301F-11D3-BF4B-00C04F79EFBC}") = "QuestionTest", "QuestionTest.csproj", "{AAE199FB-7409-4760-BA48-677057A24E8F}"
EndProject
Global
	GlobalSection(SolutionConfigurationPlatforms) = preSolution
		Debug|Any CPU = Debug|Any CPU
		Release|Any CPU = Release|Any CPU
	EndGlobalSection
	GlobalSection(ProjectConfigurationPlatforms) = postSolution
		{AAE199FB-7409-4760-BA48-677057A24E8F}.Debug|Any CPU.ActiveCfg = Debug|Any CPU
		{AAE199FB-7409-4760-BA48-677057A24E8F}.Debug|Any CPU.Build.0 = Debug|Any CPU
		{AAE199FB-7409-4760-BA48-677057A24E8F}.Release|Any CPU.ActiveCfg = Release|Any CPU
		{AAE199FB-7409-4760-BA48-677057A24E8F}.Release|Any CPU.Build.0 = Release|Any CPU
	EndGlobalSection
	GlobalSection(SolutionProperties) = preSolution
		HideSolutionNode = FALSE
	EndGlobalSection
	GlobalSection(ExtensibilityGlobals) = postSolution
		SolutionGuid = {6E430550-C23B-407A-8E92-6DC27FB36A0B}
	EndGlobalSection
EndGlobal
